
Microsoft Visual Studio Solution File, Format Version 12.00
# Visual Studio Version 17
VisualStudioVersion = 17.4.33213.308
MinimumVisualStudioVersion = 10.0.40219.1
Project("{9A19103F-16F7-4668-BE54-9A1E7A4F7556}") = "DemoAPI302", "DemoAPI302\DemoAPI302.csproj", "{D9273BBA-EDC3-4947-89E7-B16B14929518}"
EndProject
Project("{9A19103F-16F7-4668-BE54-9A1E7A4F7556}") = "TestAPIWF", "TestAPIWF\TestAPIWF.csproj", "{235B72DE-C1D3-4510-9F5F-4F8ED72BB9AD}"
EndProject
Project("{9A19103F-16F7-4668-BE54-9A1E7A4F7556}") = "TestAPICS", "TestAPICS\TestAPICS.csproj", "{783C25A7-89E5-48A8-8BCB-413493C57FF8}"
EndProject
Project("{9A19103F-16F7-4668-BE54-9A1E7A4F7556}") = "TestAPIMVC", "TestAPIMVC\TestAPIMVC.csproj", "{EF01C1A4-B37A-47EE-9ED1-F9571347B3F9}"
EndProject
Project("{FAE04EC0-301F-11D3-BF4B-00C04F79EFBC}") = "AppData", "AppData\AppData.csproj", "{F43E672A-49E9-403A-978F-C1FC4EDDD45C}"
EndProject
Project("{FAE04EC0-301F-11D3-BF4B-00C04F79EFBC}") = "AppAPI", "AppAPI\AppAPI.csproj", "{FC56D967-322C-4A85-829D-CB03C8EC315A}"
EndProject
Project("{FAE04EC0-301F-11D3-BF4B-00C04F79EFBC}") = "AppView", "AppView\AppView.csproj", "{B99861F0-5B3B-4203-899B-983E7B66B485}"
EndProject
Global
	GlobalSection(SolutionConfigurationPlatforms) = preSolution
		Debug|Any CPU = Debug|Any CPU
		Release|Any CPU = Release|Any CPU
	EndGlobalSection
	GlobalSection(ProjectConfigurationPlatforms) = postSolution
		{D9273BBA-EDC3-4947-89E7-B16B14929518}.Debug|Any CPU.ActiveCfg = Debug|Any CPU
		{D9273BBA-EDC3-4947-89E7-B16B14929518}.Debug|Any CPU.Build.0 = Debug|Any CPU
		{D9273BBA-EDC3-4947-89E7-B16B14929518}.Release|Any CPU.ActiveCfg = Release|Any CPU
		{D9273BBA-EDC3-4947-89E7-B16B14929518}.Release|Any CPU.Build.0 = Release|Any CPU
		{235B72DE-C1D3-4510-9F5F-4F8ED72BB9AD}.Debug|Any CPU.ActiveCfg = Debug|Any CPU
		{235B72DE-C1D3-4510-9F5F-4F8ED72BB9AD}.Debug|Any CPU.Build.0 = Debug|Any CPU
		{235B72DE-C1D3-4510-9F5F-4F8ED72BB9AD}.Release|Any CPU.ActiveCfg = Release|Any CPU
		{235B72DE-C1D3-4510-9F5F-4F8ED72BB9AD}.Release|Any CPU.Build.0 = Release|Any CPU
		{783C25A7-89E5-48A8-8BCB-413493C57FF8}.Debug|Any CPU.ActiveCfg = Debug|Any CPU
		{783C25A7-89E5-48A8-8BCB-413493C57FF8}.Debug|Any CPU.Build.0 = Debug|Any CPU
		{783C25A7-89E5-48A8-8BCB-413493C57FF8}.Release|Any CPU.ActiveCfg = Release|Any CPU
		{783C25A7-89E5-48A8-8BCB-413493C57FF8}.Release|Any CPU.Build.0 = Release|Any CPU
		{EF01C1A4-B37A-47EE-9ED1-F9571347B3F9}.Debug|Any CPU.ActiveCfg = Debug|Any CPU
		{EF01C1A4-B37A-47EE-9ED1-F9571347B3F9}.Debug|Any CPU.Build.0 = Debug|Any CPU
		{EF01C1A4-B37A-47EE-9ED1-F9571347B3F9}.Release|Any CPU.ActiveCfg = Release|Any CPU
		{EF01C1A4-B37A-47EE-9ED1-F9571347B3F9}.Release|Any CPU.Build.0 = Release|Any CPU
		{F43E672A-49E9-403A-978F-C1FC4EDDD45C}.Debug|Any CPU.ActiveCfg = Debug|Any CPU
		{F43E672A-49E9-403A-978F-C1FC4EDDD45C}.Debug|Any CPU.Build.0 = Debug|Any CPU
		{F43E672A-49E9-403A-978F-C1FC4EDDD45C}.Release|Any CPU.ActiveCfg = Release|Any CPU
		{F43E672A-49E9-403A-978F-C1FC4EDDD45C}.Release|Any CPU.Build.0 = Release|Any CPU
		{FC56D967-322C-4A85-829D-CB03C8EC315A}.Debug|Any CPU.ActiveCfg = Debug|Any CPU
		{FC56D967-322C-4A85-829D-CB03C8EC315A}.Debug|Any CPU.Build.0 = Debug|Any CPU
		{FC56D967-322C-4A85-829D-CB03C8EC315A}.Release|Any CPU.ActiveCfg = Release|Any CPU
		{FC56D967-322C-4A85-829D-CB03C8EC315A}.Release|Any CPU.Build.0 = Release|Any CPU
		{B99861F0-5B3B-4203-899B-983E7B66B485}.Debug|Any CPU.ActiveCfg = Debug|Any CPU
		{B99861F0-5B3B-4203-899B-983E7B66B485}.Debug|Any CPU.Build.0 = Debug|Any CPU
		{B99861F0-5B3B-4203-899B-983E7B66B485}.Release|Any CPU.ActiveCfg = Release|Any CPU
		{B99861F0-5B3B-4203-899B-983E7B66B485}.Release|Any CPU.Build.0 = Release|Any CPU
	EndGlobalSection
	GlobalSection(SolutionProperties) = preSolution
		HideSolutionNode = FALSE
	EndGlobalSection
	GlobalSection(ExtensibilityGlobals) = postSolution
		SolutionGuid = {6FC96BBF-8E62-4380-9A52-03B1A385953D}
	EndGlobalSection
EndGlobal
